// !$*UTF8*$!
{
	archiveVersion = 1;
	classes = {
	};
	objectVersion = 56;
	objects = {

/* Begin PBXBuildFile section */
		39E0465729F6F3D40036BDAC /* CoffeeHuntApp.swift in Sources */ = {isa = PBXBuildFile; fileRef = 39E0465629F6F3D40036BDAC /* CoffeeHuntApp.swift */; };
		39E0465929F6F3D40036BDAC /* Persistence.swift in Sources */ = {isa = PBXBuildFile; fileRef = 39E0465829F6F3D40036BDAC /* Persistence.swift */; };
		39E0465C29F6F3D40036BDAC /* CoffeeHunt.xcdatamodeld in Sources */ = {isa = PBXBuildFile; fileRef = 39E0465A29F6F3D40036BDAC /* CoffeeHunt.xcdatamodeld */; };
		39E0465E29F6F3D40036BDAC /* ContentView.swift in Sources */ = {isa = PBXBuildFile; fileRef = 39E0465D29F6F3D40036BDAC /* ContentView.swift */; };
		39E0466029F6F3D40036BDAC /* Assets.xcassets in Resources */ = {isa = PBXBuildFile; fileRef = 39E0465F29F6F3D40036BDAC /* Assets.xcassets */; };
		39E0466429F6F3D40036BDAC /* Preview Assets.xcassets in Resources */ = {isa = PBXBuildFile; fileRef = 39E0466329F6F3D40036BDAC /* Preview Assets.xcassets */; };
		39E0466B29F6F49B0036BDAC /* LaunchScreen.swift in Sources */ = {isa = PBXBuildFile; fileRef = 39E0466A29F6F49B0036BDAC /* LaunchScreen.swift */; };
		39FBF45929FB11FA0026B365 /* GoogleMaps in Frameworks */ = {isa = PBXBuildFile; productRef = 39FBF45829FB11FA0026B365 /* GoogleMaps */; };
		39FBF45B29FB11FA0026B365 /* GooglePlaces in Frameworks */ = {isa = PBXBuildFile; productRef = 39FBF45A29FB11FA0026B365 /* GooglePlaces */; };
		39FBF45E29FB12120026B365 /* MapScreen.swift in Sources */ = {isa = PBXBuildFile; fileRef = 39FBF45C29FB12120026B365 /* MapScreen.swift */; };
		39FBF45F29FB12120026B365 /* MapView.swift in Sources */ = {isa = PBXBuildFile; fileRef = 39FBF45D29FB12120026B365 /* MapView.swift */; };
		39FBF46129FB121A0026B365 /* LocationManager.swift in Sources */ = {isa = PBXBuildFile; fileRef = 39FBF46029FB121A0026B365 /* LocationManager.swift */; };
		39FBF46329FB12C20026B365 /* Config.plist in Resources */ = {isa = PBXBuildFile; fileRef = 39FBF46229FB12C20026B365 /* Config.plist */; };
/* End PBXBuildFile section */

/* Begin PBXFileReference section */
		39E0465329F6F3D40036BDAC /* CoffeeHunt.app */ = {isa = PBXFileReference; explicitFileType = wrapper.application; includeInIndex = 0; path = CoffeeHunt.app; sourceTree = BUILT_PRODUCTS_DIR; };
		39E0465629F6F3D40036BDAC /* CoffeeHuntApp.swift */ = {isa = PBXFileReference; lastKnownFileType = sourcecode.swift; path = CoffeeHuntApp.swift; sourceTree = "<group>"; };
		39E0465829F6F3D40036BDAC /* Persistence.swift */ = {isa = PBXFileReference; lastKnownFileType = sourcecode.swift; path = Persistence.swift; sourceTree = "<group>"; };
		39E0465B29F6F3D40036BDAC /* CoffeeHunt.xcdatamodel */ = {isa = PBXFileReference; lastKnownFileType = wrapper.xcdatamodel; path = CoffeeHunt.xcdatamodel; sourceTree = "<group>"; };
		39E0465D29F6F3D40036BDAC /* ContentView.swift */ = {isa = PBXFileReference; lastKnownFileType = sourcecode.swift; path = ContentView.swift; sourceTree = "<group>"; };
		39E0465F29F6F3D40036BDAC /* Assets.xcassets */ = {isa = PBXFileReference; lastKnownFileType = folder.assetcatalog; path = Assets.xcassets; sourceTree = "<group>"; };
		39E0466129F6F3D40036BDAC /* CoffeeHunt.entitlements */ = {isa = PBXFileReference; lastKnownFileType = text.plist.entitlements; path = CoffeeHunt.entitlements; sourceTree = "<group>"; };
		39E0466329F6F3D40036BDAC /* Preview Assets.xcassets */ = {isa = PBXFileReference; lastKnownFileType = folder.assetcatalog; path = "Preview Assets.xcassets"; sourceTree = "<group>"; };
		39E0466A29F6F49B0036BDAC /* LaunchScreen.swift */ = {isa = PBXFileReference; fileEncoding = 4; lastKnownFileType = sourcecode.swift; path = LaunchScreen.swift; sourceTree = "<group>"; };
		39FBF45C29FB12120026B365 /* MapScreen.swift */ = {isa = PBXFileReference; fileEncoding = 4; lastKnownFileType = sourcecode.swift; path = MapScreen.swift; sourceTree = "<group>"; };
		39FBF45D29FB12120026B365 /* MapView.swift */ = {isa = PBXFileReference; fileEncoding = 4; lastKnownFileType = sourcecode.swift; path = MapView.swift; sourceTree = "<group>"; };
		39FBF46029FB121A0026B365 /* LocationManager.swift */ = {isa = PBXFileReference; fileEncoding = 4; lastKnownFileType = sourcecode.swift; path = LocationManager.swift; sourceTree = "<group>"; };
		39FBF46229FB12C20026B365 /* Config.plist */ = {isa = PBXFileReference; fileEncoding = 4; lastKnownFileType = text.plist.xml; name = Config.plist; path = "../../../Копия/CoffeeHunt/CoffeeHunt/Config.plist"; sourceTree = "<group>"; };
/* End PBXFileReference section */

/* Begin PBXFrameworksBuildPhase section */
		39E0465029F6F3D40036BDAC /* Frameworks */ = {
			isa = PBXFrameworksBuildPhase;
			buildActionMask = 2147483647;
			files = (
				39FBF45929FB11FA0026B365 /* GoogleMaps in Frameworks */,
				39FBF45B29FB11FA0026B365 /* GooglePlaces in Frameworks */,
			);
			runOnlyForDeploymentPostprocessing = 0;
		};
/* End PBXFrameworksBuildPhase section */

/* Begin PBXGroup section */
		39E0464A29F6F3D40036BDAC = {
			isa = PBXGroup;
			children = (
				39E0465529F6F3D40036BDAC /* CoffeeHunt */,
				39E0465429F6F3D40036BDAC /* Products */,
			);
			sourceTree = "<group>";
		};
		39E0465429F6F3D40036BDAC /* Products */ = {
			isa = PBXGroup;
			children = (
				39E0465329F6F3D40036BDAC /* CoffeeHunt.app */,
			);
			name = Products;
			sourceTree = "<group>";
		};
		39E0465529F6F3D40036BDAC /* CoffeeHunt */ = {
			isa = PBXGroup;
			children = (
				39FBF45629FB11BD0026B365 /* Services */,
				39FBF45529FB11B60026B365 /* Views */,
				39E0466A29F6F49B0036BDAC /* LaunchScreen.swift */,
				39E0465629F6F3D40036BDAC /* CoffeeHuntApp.swift */,
				39E0465829F6F3D40036BDAC /* Persistence.swift */,
				39E0465D29F6F3D40036BDAC /* ContentView.swift */,
				39E0465F29F6F3D40036BDAC /* Assets.xcassets */,
				39FBF46229FB12C20026B365 /* Config.plist */,
				39E0466129F6F3D40036BDAC /* CoffeeHunt.entitlements */,
				39E0465A29F6F3D40036BDAC /* CoffeeHunt.xcdatamodeld */,
				39E0466229F6F3D40036BDAC /* Preview Content */,
			);
			path = CoffeeHunt;
			sourceTree = "<group>";
		};
		39E0466229F6F3D40036BDAC /* Preview Content */ = {
			isa = PBXGroup;
			children = (
				39E0466329F6F3D40036BDAC /* Preview Assets.xcassets */,
			);
			path = "Preview Content";
			sourceTree = "<group>";
		};
		39FBF45529FB11B60026B365 /* Views */ = {
			isa = PBXGroup;
			children = (
				39FBF45C29FB12120026B365 /* MapScreen.swift */,
				39FBF45D29FB12120026B365 /* MapView.swift */,
			);
			path = Views;
			sourceTree = "<group>";
		};
		39FBF45629FB11BD0026B365 /* Services */ = {
			isa = PBXGroup;
			children = (
				39FBF46029FB121A0026B365 /* LocationManager.swift */,
			);
			path = Services;
			sourceTree = "<group>";
		};
/* End PBXGroup section */

/* Begin PBXNativeTarget section */
		39E0465229F6F3D40036BDAC /* CoffeeHunt */ = {
			isa = PBXNativeTarget;
			buildConfigurationList = 39E0466729F6F3D40036BDAC /* Build configuration list for PBXNativeTarget "CoffeeHunt" */;
			buildPhases = (
				39E0464F29F6F3D40036BDAC /* Sources */,
				39E0465029F6F3D40036BDAC /* Frameworks */,
				39E0465129F6F3D40036BDAC /* Resources */,
			);
			buildRules = (
			);
			dependencies = (
			);
			name = CoffeeHunt;
			packageProductDependencies = (
				39FBF45829FB11FA0026B365 /* GoogleMaps */,
				39FBF45A29FB11FA0026B365 /* GooglePlaces */,
			);
			productName = CoffeeHunt;
			productReference = 39E0465329F6F3D40036BDAC /* CoffeeHunt.app */;
			productType = "com.apple.product-type.application";
		};
/* End PBXNativeTarget section */

/* Begin PBXProject section */
		39E0464B29F6F3D40036BDAC /* Project object */ = {
			isa = PBXProject;
			attributes = {
				BuildIndependentTargetsInParallel = 1;
				LastSwiftUpdateCheck = 1420;
				LastUpgradeCheck = 1420;
				TargetAttributes = {
					39E0465229F6F3D40036BDAC = {
						CreatedOnToolsVersion = 14.2;
					};
				};
			};
			buildConfigurationList = 39E0464E29F6F3D40036BDAC /* Build configuration list for PBXProject "CoffeeHunt" */;
			compatibilityVersion = "Xcode 14.0";
			developmentRegion = en;
			hasScannedForEncodings = 0;
			knownRegions = (
				en,
				Base,
			);
			mainGroup = 39E0464A29F6F3D40036BDAC;
			packageReferences = (
				39FBF45729FB11FA0026B365 /* XCRemoteSwiftPackageReference "GoogleMaps-SP" */,
			);
			productRefGroup = 39E0465429F6F3D40036BDAC /* Products */;
			projectDirPath = "";
			projectRoot = "";
			targets = (
				39E0465229F6F3D40036BDAC /* CoffeeHunt */,
			);
		};
/* End PBXProject section */

/* Begin PBXResourcesBuildPhase section */
		39E0465129F6F3D40036BDAC /* Resources */ = {
			isa = PBXResourcesBuildPhase;
			buildActionMask = 2147483647;
			files = (
				39E0466429F6F3D40036BDAC /* Preview Assets.xcassets in Resources */,
				39FBF46329FB12C20026B365 /* Config.plist in Resources */,
				39E0466029F6F3D40036BDAC /* Assets.xcassets in Resources */,
			);
			runOnlyForDeploymentPostprocessing = 0;
		};
/* End PBXResourcesBuildPhase section */

/* Begin PBXSourcesBuildPhase section */
		39E0464F29F6F3D40036BDAC /* Sources */ = {
			isa = PBXSourcesBuildPhase;
			buildActionMask = 2147483647;
			files = (
				39FBF45F29FB12120026B365 /* MapView.swift in Sources */,
				39FBF45E29FB12120026B365 /* MapScreen.swift in Sources */,
				39E0465729F6F3D40036BDAC /* CoffeeHuntApp.swift in Sources */,
				39E0465C29F6F3D40036BDAC /* CoffeeHunt.xcdatamodeld in Sources */,
				39FBF46129FB121A0026B365 /* LocationManager.swift in Sources */,
				39E0466B29F6F49B0036BDAC /* LaunchScreen.swift in Sources */,
				39E0465E29F6F3D40036BDAC /* ContentView.swift in Sources */,
				39E0465929F6F3D40036BDAC /* Persistence.swift in Sources */,
			);
			runOnlyForDeploymentPostprocessing = 0;
		};
/* End PBXSourcesBuildPhase section */

/* Begin XCBuildConfiguration section */
		39E0466529F6F3D40036BDAC /* Debug */ = {
			isa = XCBuildConfiguration;
			buildSettings = {
				ALWAYS_SEARCH_USER_PATHS = NO;
				CLANG_ANALYZER_NONNULL = YES;
				CLANG_ANALYZER_NUMBER_OBJECT_CONVERSION = YES_AGGRESSIVE;
				CLANG_CXX_LANGUAGE_STANDARD = "gnu++20";
				CLANG_ENABLE_MODULES = YES;
				CLANG_ENABLE_OBJC_ARC = YES;
				CLANG_ENABLE_OBJC_WEAK = YES;
				CLANG_WARN_BLOCK_CAPTURE_AUTORELEASING = YES;
				CLANG_WARN_BOOL_CONVERSION = YES;
				CLANG_WARN_COMMA = YES;
				CLANG_WARN_CONSTANT_CONVERSION = YES;
				CLANG_WARN_DEPRECATED_OBJC_IMPLEMENTATIONS = YES;
				CLANG_WARN_DIRECT_OBJC_ISA_USAGE = YES_ERROR;
				CLANG_WARN_DOCUMENTATION_COMMENTS = YES;
				CLANG_WARN_EMPTY_BODY = YES;
				CLANG_WARN_ENUM_CONVERSION = YES;
				CLANG_WARN_INFINITE_RECURSION = YES;
				CLANG_WARN_INT_CONVERSION = YES;
				CLANG_WARN_NON_LITERAL_NULL_CONVERSION = YES;
				CLANG_WARN_OBJC_IMPLICIT_RETAIN_SELF = YES;
				CLANG_WARN_OBJC_LITERAL_CONVERSION = YES;
				CLANG_WARN_OBJC_ROOT_CLASS = YES_ERROR;
				CLANG_WARN_QUOTED_INCLUDE_IN_FRAMEWORK_HEADER = YES;
				CLANG_WARN_RANGE_LOOP_ANALYSIS = YES;
				CLANG_WARN_STRICT_PROTOTYPES = YES;
				CLANG_WARN_SUSPICIOUS_MOVE = YES;
				CLANG_WARN_UNGUARDED_AVAILABILITY = YES_AGGRESSIVE;
				CLANG_WARN_UNREACHABLE_CODE = YES;
				CLANG_WARN__DUPLICATE_METHOD_MATCH = YES;
				COPY_PHASE_STRIP = NO;
				DEBUG_INFORMATION_FORMAT = dwarf;
				ENABLE_STRICT_OBJC_MSGSEND = YES;
				ENABLE_TESTABILITY = YES;
				GCC_C_LANGUAGE_STANDARD = gnu11;
				GCC_DYNAMIC_NO_PIC = NO;
				GCC_NO_COMMON_BLOCKS = YES;
				GCC_OPTIMIZATION_LEVEL = 0;
				GCC_PREPROCESSOR_DEFINITIONS = (
					"DEBUG=1",
					"$(inherited)",
				);
				GCC_WARN_64_TO_32_BIT_CONVERSION = YES;
				GCC_WARN_ABOUT_RETURN_TYPE = YES_ERROR;
				GCC_WARN_UNDECLARED_SELECTOR = YES;
				GCC_WARN_UNINITIALIZED_AUTOS = YES_AGGRESSIVE;
				GCC_WARN_UNUSED_FUNCTION = YES;
				GCC_WARN_UNUSED_VARIABLE = YES;
				MTL_ENABLE_DEBUG_INFO = INCLUDE_SOURCE;
				MTL_FAST_MATH = YES;
				ONLY_ACTIVE_ARCH = YES;
				SWIFT_ACTIVE_COMPILATION_CONDITIONS = DEBUG;
				SWIFT_OPTIMIZATION_LEVEL = "-Onone";
			};
			name = Debug;
		};
		39E0466629F6F3D40036BDAC /* Release */ = {
			isa = XCBuildConfiguration;
			buildSettings = {
				ALWAYS_SEARCH_USER_PATHS = NO;
				CLANG_ANALYZER_NONNULL = YES;
				CLANG_ANALYZER_NUMBER_OBJECT_CONVERSION = YES_AGGRESSIVE;
				CLANG_CXX_LANGUAGE_STANDARD = "gnu++20";
				CLANG_ENABLE_MODULES = YES;
				CLANG_ENABLE_OBJC_ARC = YES;
				CLANG_ENABLE_OBJC_WEAK = YES;
				CLANG_WARN_BLOCK_CAPTURE_AUTORELEASING = YES;
				CLANG_WARN_BOOL_CONVERSION = YES;
				CLANG_WARN_COMMA = YES;
				CLANG_WARN_CONSTANT_CONVERSION = YES;
				CLANG_WARN_DEPRECATED_OBJC_IMPLEMENTATIONS = YES;
				CLANG_WARN_DIRECT_OBJC_ISA_USAGE = YES_ERROR;
				CLANG_WARN_DOCUMENTATION_COMMENTS = YES;
				CLANG_WARN_EMPTY_BODY = YES;
				CLANG_WARN_ENUM_CONVERSION = YES;
				CLANG_WARN_INFINITE_RECURSION = YES;
				CLANG_WARN_INT_CONVERSION = YES;
				CLANG_WARN_NON_LITERAL_NULL_CONVERSION = YES;
				CLANG_WARN_OBJC_IMPLICIT_RETAIN_SELF = YES;
				CLANG_WARN_OBJC_LITERAL_CONVERSION = YES;
				CLANG_WARN_OBJC_ROOT_CLASS = YES_ERROR;
				CLANG_WARN_QUOTED_INCLUDE_IN_FRAMEWORK_HEADER = YES;
				CLANG_WARN_RANGE_LOOP_ANALYSIS = YES;
				CLANG_WARN_STRICT_PROTOTYPES = YES;
				CLANG_WARN_SUSPICIOUS_MOVE = YES;
				CLANG_WARN_UNGUARDED_AVAILABILITY = YES_AGGRESSIVE;
				CLANG_WARN_UNREACHABLE_CODE = YES;
				CLANG_WARN__DUPLICATE_METHOD_MATCH = YES;
				COPY_PHASE_STRIP = NO;
				DEBUG_INFORMATION_FORMAT = "dwarf-with-dsym";
				ENABLE_NS_ASSERTIONS = NO;
				ENABLE_STRICT_OBJC_MSGSEND = YES;
				GCC_C_LANGUAGE_STANDARD = gnu11;
				GCC_NO_COMMON_BLOCKS = YES;
				GCC_WARN_64_TO_32_BIT_CONVERSION = YES;
				GCC_WARN_ABOUT_RETURN_TYPE = YES_ERROR;
				GCC_WARN_UNDECLARED_SELECTOR = YES;
				GCC_WARN_UNINITIALIZED_AUTOS = YES_AGGRESSIVE;
				GCC_WARN_UNUSED_FUNCTION = YES;
				GCC_WARN_UNUSED_VARIABLE = YES;
				MTL_ENABLE_DEBUG_INFO = NO;
				MTL_FAST_MATH = YES;
				SWIFT_COMPILATION_MODE = wholemodule;
				SWIFT_OPTIMIZATION_LEVEL = "-O";
			};
			name = Release;
		};
		39E0466829F6F3D40036BDAC /* Debug */ = {
			isa = XCBuildConfiguration;
			buildSettings = {
				ASSETCATALOG_COMPILER_APPICON_NAME = AppIcon;
				ASSETCATALOG_COMPILER_GLOBAL_ACCENT_COLOR_NAME = AccentColor;
				CODE_SIGN_ENTITLEMENTS = CoffeeHunt/CoffeeHunt.entitlements;
				CODE_SIGN_STYLE = Automatic;
				CURRENT_PROJECT_VERSION = 1;
				DEVELOPMENT_ASSET_PATHS = "\"CoffeeHunt/Preview Content\"";
				DEVELOPMENT_TEAM = 9VJ9UUZQH9;
				ENABLE_HARDENED_RUNTIME = YES;
				ENABLE_PREVIEWS = YES;
				GENERATE_INFOPLIST_FILE = YES;
				INFOPLIST_KEY_NSLocationWhenInUseUsageDescription = "";
				"INFOPLIST_KEY_UIApplicationSceneManifest_Generation[sdk=iphoneos*]" = YES;
				"INFOPLIST_KEY_UIApplicationSceneManifest_Generation[sdk=iphonesimulator*]" = YES;
				"INFOPLIST_KEY_UIApplicationSupportsIndirectInputEvents[sdk=iphoneos*]" = YES;
				"INFOPLIST_KEY_UIApplicationSupportsIndirectInputEvents[sdk=iphonesimulator*]" = YES;
				"INFOPLIST_KEY_UILaunchScreen_Generation[sdk=iphoneos*]" = YES;
				"INFOPLIST_KEY_UILaunchScreen_Generation[sdk=iphonesimulator*]" = YES;
				"INFOPLIST_KEY_UIStatusBarStyle[sdk=iphoneos*]" = UIStatusBarStyleDefault;
				"INFOPLIST_KEY_UIStatusBarStyle[sdk=iphonesimulator*]" = UIStatusBarStyleDefault;
				INFOPLIST_KEY_UISupportedInterfaceOrientations_iPad = "UIInterfaceOrientationPortrait UIInterfaceOrientationPortraitUpsideDown UIInterfaceOrientationLandscapeLeft UIInterfaceOrientationLandscapeRight";
				INFOPLIST_KEY_UISupportedInterfaceOrientations_iPhone = "UIInterfaceOrientationPortrait UIInterfaceOrientationLandscapeLeft UIInterfaceOrientationLandscapeRight";
				IPHONEOS_DEPLOYMENT_TARGET = 15.0;
				LD_RUNPATH_SEARCH_PATHS = "@executable_path/Frameworks";
				"LD_RUNPATH_SEARCH_PATHS[sdk=macosx*]" = "@executable_path/../Frameworks";
				MACOSX_DEPLOYMENT_TARGET = 13.1;
				MARKETING_VERSION = 1.0;
				PRODUCT_BUNDLE_IDENTIFIER = com.sashanavruzova.CoffeeHunt;
				PRODUCT_NAME = "$(TARGET_NAME)";
				SDKROOT = auto;
				SUPPORTED_PLATFORMS = "iphoneos iphonesimulator";
				SUPPORTS_MACCATALYST = NO;
				SUPPORTS_MAC_DESIGNED_FOR_IPHONE_IPAD = NO;
				SWIFT_EMIT_LOC_STRINGS = YES;
				SWIFT_VERSION = 5.0;
				TARGETED_DEVICE_FAMILY = 1;
			};
			name = Debug;
		};
		39E0466929F6F3D40036BDAC /* Release */ = {
			isa = XCBuildConfiguration;
			buildSettings = {
				ASSETCATALOG_COMPILER_APPICON_NAME = AppIcon;
				ASSETCATALOG_COMPILER_GLOBAL_ACCENT_COLOR_NAME = AccentColor;
				CODE_SIGN_ENTITLEMENTS = CoffeeHunt/CoffeeHunt.entitlements;
				CODE_SIGN_STYLE = Automatic;
				CURRENT_PROJECT_VERSION = 1;
				DEVELOPMENT_ASSET_PATHS = "\"CoffeeHunt/Preview Content\"";
				DEVELOPMENT_TEAM = 9VJ9UUZQH9;
				ENABLE_HARDENED_RUNTIME = YES;
				ENABLE_PREVIEWS = YES;
				GENERATE_INFOPLIST_FILE = YES;
				INFOPLIST_KEY_NSLocationWhenInUseUsageDescription = "";
				"INFOPLIST_KEY_UIApplicationSceneManifest_Generation[sdk=iphoneos*]" = YES;
				"INFOPLIST_KEY_UIApplicationSceneManifest_Generation[sdk=iphonesimulator*]" = YES;
				"INFOPLIST_KEY_UIApplicationSupportsIndirectInputEvents[sdk=iphoneos*]" = YES;
				"INFOPLIST_KEY_UIApplicationSupportsIndirectInputEvents[sdk=iphonesimulator*]" = YES;
				"INFOPLIST_KEY_UILaunchScreen_Generation[sdk=iphoneos*]" = YES;
				"INFOPLIST_KEY_UILaunchScreen_Generation[sdk=iphonesimulator*]" = YES;
				"INFOPLIST_KEY_UIStatusBarStyle[sdk=iphoneos*]" = UIStatusBarStyleDefault;
				"INFOPLIST_KEY_UIStatusBarStyle[sdk=iphonesimulator*]" = UIStatusBarStyleDefault;
				INFOPLIST_KEY_UISupportedInterfaceOrientations_iPad = "UIInterfaceOrientationPortrait UIInterfaceOrientationPortraitUpsideDown UIInterfaceOrientationLandscapeLeft UIInterfaceOrientationLandscapeRight";
				INFOPLIST_KEY_UISupportedInterfaceOrientations_iPhone = "UIInterfaceOrientationPortrait UIInterfaceOrientationLandscapeLeft UIInterfaceOrientationLandscapeRight";
				IPHONEOS_DEPLOYMENT_TARGET = 15.0;
				LD_RUNPATH_SEARCH_PATHS = "@executable_path/Frameworks";
				"LD_RUNPATH_SEARCH_PATHS[sdk=macosx*]" = "@executable_path/../Frameworks";
				MACOSX_DEPLOYMENT_TARGET = 13.1;
				MARKETING_VERSION = 1.0;
				PRODUCT_BUNDLE_IDENTIFIER = com.sashanavruzova.CoffeeHunt;
				PRODUCT_NAME = "$(TARGET_NAME)";
				SDKROOT = auto;
				SUPPORTED_PLATFORMS = "iphoneos iphonesimulator";
				SUPPORTS_MACCATALYST = NO;
				SUPPORTS_MAC_DESIGNED_FOR_IPHONE_IPAD = NO;
				SWIFT_EMIT_LOC_STRINGS = YES;
				SWIFT_VERSION = 5.0;
				TARGETED_DEVICE_FAMILY = 1;
			};
			name = Release;
		};
/* End XCBuildConfiguration section */

/* Begin XCConfigurationList section */
		39E0464E29F6F3D40036BDAC /* Build configuration list for PBXProject "CoffeeHunt" */ = {
			isa = XCConfigurationList;
			buildConfigurations = (
				39E0466529F6F3D40036BDAC /* Debug */,
				39E0466629F6F3D40036BDAC /* Release */,
			);
			defaultConfigurationIsVisible = 0;
			defaultConfigurationName = Release;
		};
		39E0466729F6F3D40036BDAC /* Build configuration list for PBXNativeTarget "CoffeeHunt" */ = {
			isa = XCConfigurationList;
			buildConfigurations = (
				39E0466829F6F3D40036BDAC /* Debug */,
				39E0466929F6F3D40036BDAC /* Release */,
			);
			defaultConfigurationIsVisible = 0;
			defaultConfigurationName = Release;
		};
/* End XCConfigurationList section */

/* Begin XCRemoteSwiftPackageReference section */
		39FBF45729FB11FA0026B365 /* XCRemoteSwiftPackageReference "GoogleMaps-SP" */ = {
			isa = XCRemoteSwiftPackageReference;
			repositoryURL = "https://github.com/YAtechnologies/GoogleMaps-SP.git";
			requirement = {
				branch = main;
				kind = branch;
			};
		};
/* End XCRemoteSwiftPackageReference section */

/* Begin XCSwiftPackageProductDependency section */
		39FBF45829FB11FA0026B365 /* GoogleMaps */ = {
			isa = XCSwiftPackageProductDependency;
			package = 39FBF45729FB11FA0026B365 /* XCRemoteSwiftPackageReference "GoogleMaps-SP" */;
			productName = GoogleMaps;
		};
		39FBF45A29FB11FA0026B365 /* GooglePlaces */ = {
			isa = XCSwiftPackageProductDependency;
			package = 39FBF45729FB11FA0026B365 /* XCRemoteSwiftPackageReference "GoogleMaps-SP" */;
			productName = GooglePlaces;
		};
/* End XCSwiftPackageProductDependency section */

/* Begin XCVersionGroup section */
		39E0465A29F6F3D40036BDAC /* CoffeeHunt.xcdatamodeld */ = {
			isa = XCVersionGroup;
			children = (
				39E0465B29F6F3D40036BDAC /* CoffeeHunt.xcdatamodel */,
			);
			currentVersion = 39E0465B29F6F3D40036BDAC /* CoffeeHunt.xcdatamodel */;
			path = CoffeeHunt.xcdatamodeld;
			sourceTree = "<group>";
			versionGroupType = wrapper.xcdatamodel;
		};
/* End XCVersionGroup section */
	};
	rootObject = 39E0464B29F6F3D40036BDAC /* Project object */;
}
